
Microsoft Visual Studio Solution File, Format Version 12.00
# Visual Studio Version 17
VisualStudioVersion = 17.11.35312.102
MinimumVisualStudioVersion = 10.0.40219.1
Project("{9A19103F-16F7-4668-BE54-9A1E7A4F7556}") = "Olyd.Extensions", "Olyd.Extensions\Olyd.Extensions.csproj", "{E4747651-B752-4362-BDB7-6E6895C7438D}"
EndProject
Project("{2150E333-8FDC-42A3-9474-1A3956D46DE8}") = "Solution Items", "Solution Items", "{17B2132B-5BF0-4627-A432-10F11687CAB2}"
	ProjectSection(SolutionItems) = preProject
		README.md = README.md
	EndProjectSection
EndProject
Project("{9A19103F-16F7-4668-BE54-9A1E7A4F7556}") = "Olyd.MvvmTool", "Olyd.MvvmTool\Olyd.MvvmTool.csproj", "{6C1CA889-BA8E-4C04-A962-41D691EC4C6E}"
EndProject
Project("{2150E333-8FDC-42A3-9474-1A3956D46DE8}") = "Winforms", "Winforms", "{9234B04B-96EB-41C2-A4DB-781F31BC69AF}"
EndProject
Project("{FAE04EC0-301F-11D3-BF4B-00C04F79EFBC}") = "Olyd.Util.WinForm", "Olyd.Util.WinForm\Olyd.Util.WinForm.csproj", "{6102D1C8-72F8-455B-92E3-406EFF2F1FE6}"
EndProject
Project("{2150E333-8FDC-42A3-9474-1A3956D46DE8}") = "Wpfs", "Wpfs", "{9A470130-7378-4D29-9EE9-B83F289B4CF0}"
EndProject
Project("{FAE04EC0-301F-11D3-BF4B-00C04F79EFBC}") = "Olyd.Wpf.DpiAutoScale", "Olyd.Wpf.DpiAutoScale\Olyd.Wpf.DpiAutoScale.csproj", "{837F45F8-8C89-478A-A15F-1ABB0E80689A}"
EndProject
Project("{FAE04EC0-301F-11D3-BF4B-00C04F79EFBC}") = "Olyd.Wpf.Helpers", "Olyd.Wpf.Helpers\Olyd.Wpf.Helpers.csproj", "{F11C42F6-3577-49C0-A4AD-3C9541EC09AA}"
EndProject
Project("{FAE04EC0-301F-11D3-BF4B-00C04F79EFBC}") = "Olyd.Wpf.Guide", "Olyd.Wpf.Guide\Olyd.Wpf.Guide.csproj", "{F7EBE271-45CC-4DD9-B848-CEDC64C6D25D}"
EndProject
Project("{FAE04EC0-301F-11D3-BF4B-00C04F79EFBC}") = "Olyd.Wpf.SingleStartup", "Olyd.Wpf.SingleStartup\Olyd.Wpf.SingleStartup.csproj", "{04BF9E40-6331-47FC-B63F-1B65273FE6B4}"
EndProject
Project("{FAE04EC0-301F-11D3-BF4B-00C04F79EFBC}") = "Olyd.Wpf.Converters", "Olyd.Wpf.Converters\Olyd.Wpf.Converters.csproj", "{EB57B6EF-3FEB-4CC6-838C-5D9034DDE5D4}"
EndProject
Project("{FAE04EC0-301F-11D3-BF4B-00C04F79EFBC}") = "Olyd.History", "Olyd.History\Olyd.History.csproj", "{BDDB4003-3542-4EC1-8E6B-EB3C0A43E7AA}"
EndProject
Project("{FAE04EC0-301F-11D3-BF4B-00C04F79EFBC}") = "Olyd.History.Test", "Olyd.History.Test\Olyd.History.Test.csproj", "{2A575071-9956-415A-8175-D5898C338685}"
EndProject
Project("{FAE04EC0-301F-11D3-BF4B-00C04F79EFBC}") = "Olyd.Utils", "Olyd.Utils\Olyd.Utils.csproj", "{799A7BA6-2197-4272-B79D-AB4DE8DD5F7E}"
EndProject
Global
	GlobalSection(SolutionConfigurationPlatforms) = preSolution
		Debug|Any CPU = Debug|Any CPU
		Release|Any CPU = Release|Any CPU
	EndGlobalSection
	GlobalSection(ProjectConfigurationPlatforms) = postSolution
		{E4747651-B752-4362-BDB7-6E6895C7438D}.Debug|Any CPU.ActiveCfg = Debug|Any CPU
		{E4747651-B752-4362-BDB7-6E6895C7438D}.Debug|Any CPU.Build.0 = Debug|Any CPU
		{E4747651-B752-4362-BDB7-6E6895C7438D}.Release|Any CPU.ActiveCfg = Release|Any CPU
		{E4747651-B752-4362-BDB7-6E6895C7438D}.Release|Any CPU.Build.0 = Release|Any CPU
		{6C1CA889-BA8E-4C04-A962-41D691EC4C6E}.Debug|Any CPU.ActiveCfg = Debug|Any CPU
		{6C1CA889-BA8E-4C04-A962-41D691EC4C6E}.Debug|Any CPU.Build.0 = Debug|Any CPU
		{6C1CA889-BA8E-4C04-A962-41D691EC4C6E}.Release|Any CPU.ActiveCfg = Release|Any CPU
		{6C1CA889-BA8E-4C04-A962-41D691EC4C6E}.Release|Any CPU.Build.0 = Release|Any CPU
		{6102D1C8-72F8-455B-92E3-406EFF2F1FE6}.Debug|Any CPU.ActiveCfg = Debug|Any CPU
		{6102D1C8-72F8-455B-92E3-406EFF2F1FE6}.Debug|Any CPU.Build.0 = Debug|Any CPU
		{6102D1C8-72F8-455B-92E3-406EFF2F1FE6}.Release|Any CPU.ActiveCfg = Release|Any CPU
		{6102D1C8-72F8-455B-92E3-406EFF2F1FE6}.Release|Any CPU.Build.0 = Release|Any CPU
		{837F45F8-8C89-478A-A15F-1ABB0E80689A}.Debug|Any CPU.ActiveCfg = Debug|Any CPU
		{837F45F8-8C89-478A-A15F-1ABB0E80689A}.Debug|Any CPU.Build.0 = Debug|Any CPU
		{837F45F8-8C89-478A-A15F-1ABB0E80689A}.Release|Any CPU.ActiveCfg = Release|Any CPU
		{837F45F8-8C89-478A-A15F-1ABB0E80689A}.Release|Any CPU.Build.0 = Release|Any CPU
		{F11C42F6-3577-49C0-A4AD-3C9541EC09AA}.Debug|Any CPU.ActiveCfg = Debug|Any CPU
		{F11C42F6-3577-49C0-A4AD-3C9541EC09AA}.Debug|Any CPU.Build.0 = Debug|Any CPU
		{F11C42F6-3577-49C0-A4AD-3C9541EC09AA}.Release|Any CPU.ActiveCfg = Release|Any CPU
		{F11C42F6-3577-49C0-A4AD-3C9541EC09AA}.Release|Any CPU.Build.0 = Release|Any CPU
		{F7EBE271-45CC-4DD9-B848-CEDC64C6D25D}.Debug|Any CPU.ActiveCfg = Debug|Any CPU
		{F7EBE271-45CC-4DD9-B848-CEDC64C6D25D}.Debug|Any CPU.Build.0 = Debug|Any CPU
		{F7EBE271-45CC-4DD9-B848-CEDC64C6D25D}.Release|Any CPU.ActiveCfg = Release|Any CPU
		{F7EBE271-45CC-4DD9-B848-CEDC64C6D25D}.Release|Any CPU.Build.0 = Release|Any CPU
		{04BF9E40-6331-47FC-B63F-1B65273FE6B4}.Debug|Any CPU.ActiveCfg = Debug|Any CPU
		{04BF9E40-6331-47FC-B63F-1B65273FE6B4}.Debug|Any CPU.Build.0 = Debug|Any CPU
		{04BF9E40-6331-47FC-B63F-1B65273FE6B4}.Release|Any CPU.ActiveCfg = Release|Any CPU
		{04BF9E40-6331-47FC-B63F-1B65273FE6B4}.Release|Any CPU.Build.0 = Release|Any CPU
		{EB57B6EF-3FEB-4CC6-838C-5D9034DDE5D4}.Debug|Any CPU.ActiveCfg = Debug|Any CPU
		{EB57B6EF-3FEB-4CC6-838C-5D9034DDE5D4}.Debug|Any CPU.Build.0 = Debug|Any CPU
		{EB57B6EF-3FEB-4CC6-838C-5D9034DDE5D4}.Release|Any CPU.ActiveCfg = Release|Any CPU
		{EB57B6EF-3FEB-4CC6-838C-5D9034DDE5D4}.Release|Any CPU.Build.0 = Release|Any CPU
		{BDDB4003-3542-4EC1-8E6B-EB3C0A43E7AA}.Debug|Any CPU.ActiveCfg = Debug|Any CPU
		{BDDB4003-3542-4EC1-8E6B-EB3C0A43E7AA}.Debug|Any CPU.Build.0 = Debug|Any CPU
		{BDDB4003-3542-4EC1-8E6B-EB3C0A43E7AA}.Release|Any CPU.ActiveCfg = Release|Any CPU
		{BDDB4003-3542-4EC1-8E6B-EB3C0A43E7AA}.Release|Any CPU.Build.0 = Release|Any CPU
		{2A575071-9956-415A-8175-D5898C338685}.Debug|Any CPU.ActiveCfg = Debug|Any CPU
		{2A575071-9956-415A-8175-D5898C338685}.Debug|Any CPU.Build.0 = Debug|Any CPU
		{2A575071-9956-415A-8175-D5898C338685}.Release|Any CPU.ActiveCfg = Release|Any CPU
		{2A575071-9956-415A-8175-D5898C338685}.Release|Any CPU.Build.0 = Release|Any CPU
		{799A7BA6-2197-4272-B79D-AB4DE8DD5F7E}.Debug|Any CPU.ActiveCfg = Debug|Any CPU
		{799A7BA6-2197-4272-B79D-AB4DE8DD5F7E}.Debug|Any CPU.Build.0 = Debug|Any CPU
		{799A7BA6-2197-4272-B79D-AB4DE8DD5F7E}.Release|Any CPU.ActiveCfg = Release|Any CPU
		{799A7BA6-2197-4272-B79D-AB4DE8DD5F7E}.Release|Any CPU.Build.0 = Release|Any CPU
	EndGlobalSection
	GlobalSection(SolutionProperties) = preSolution
		HideSolutionNode = FALSE
	EndGlobalSection
	GlobalSection(NestedProjects) = preSolution
		{6102D1C8-72F8-455B-92E3-406EFF2F1FE6} = {9234B04B-96EB-41C2-A4DB-781F31BC69AF}
		{837F45F8-8C89-478A-A15F-1ABB0E80689A} = {9A470130-7378-4D29-9EE9-B83F289B4CF0}
		{F11C42F6-3577-49C0-A4AD-3C9541EC09AA} = {9A470130-7378-4D29-9EE9-B83F289B4CF0}
		{F7EBE271-45CC-4DD9-B848-CEDC64C6D25D} = {9A470130-7378-4D29-9EE9-B83F289B4CF0}
		{04BF9E40-6331-47FC-B63F-1B65273FE6B4} = {9A470130-7378-4D29-9EE9-B83F289B4CF0}
		{EB57B6EF-3FEB-4CC6-838C-5D9034DDE5D4} = {9A470130-7378-4D29-9EE9-B83F289B4CF0}
	EndGlobalSection
	GlobalSection(ExtensibilityGlobals) = postSolution
		SolutionGuid = {8FE8A9C0-B357-4AA0-AE1A-84C1BB34CD50}
	EndGlobalSection
EndGlobal
